
Microsoft Visual Studio Solution File, Format Version 12.00
# Visual Studio Version 17
VisualStudioVersion = 17.14.36221.1
MinimumVisualStudioVersion = 10.0.40219.1
Project("{FAE04EC0-301F-11D3-BF4B-00C04F79EFBC}") = "Web", "Web\Web.csproj", "{D621B22E-3294-41B9-9F2E-38F102B250D9}"
EndProject
Project("{FAE04EC0-301F-11D3-BF4B-00C04F79EFBC}") = "API", "API\API.csproj", "{3FFE0475-158D-456B-B19A-AF7280AEA865}"
EndProject
Project("{2150E333-8FDC-42A3-9474-1A3956D46DE8}") = "Core", "Core", "{02EA681E-C7D8-13C7-8484-4AC65E1B71E8}"
EndProject
Project("{2150E333-8FDC-42A3-9474-1A3956D46DE8}") = "Domain", "Domain", "{252D0C73-69B0-485A-B628-2D619795152F}"
EndProject
Project("{FAE04EC0-301F-11D3-BF4B-00C04F79EFBC}") = "Domain", "Domain\Domain.csproj", "{3B5D4E96-9AA7-475C-96E0-F3200BEE79AB}"
EndProject
Project("{2150E333-8FDC-42A3-9474-1A3956D46DE8}") = "Sheared", "Sheared", "{AF1FE394-E04D-4EAA-80E8-8CA2CA2A1952}"
EndProject
Project("{FAE04EC0-301F-11D3-BF4B-00C04F79EFBC}") = "Sheared", "Sheared\Sheared.csproj", "{7B71AAE1-B9F7-44A8-B511-BA3F3D7D41B3}"
EndProject
Project("{2150E333-8FDC-42A3-9474-1A3956D46DE8}") = "Presentation", "Presentation", "{DFDC6CD6-83A5-44E0-856B-89FC3CD95A04}"
EndProject
Project("{2150E333-8FDC-42A3-9474-1A3956D46DE8}") = "Infrastructure", "Infrastructure", "{93624E35-E515-4A63-A47C-CD70756822B1}"
EndProject
Project("{FAE04EC0-301F-11D3-BF4B-00C04F79EFBC}") = "Infrastructure", "Infrastructure\Infrastructure.csproj", "{A8AD74A8-BB9E-45F7-A815-3D39FF4127D2}"
EndProject
Project("{FAE04EC0-301F-11D3-BF4B-00C04F79EFBC}") = "Commons", "Commons\Commons.csproj", "{A0DB9BD8-15CD-4311-892A-DE174C95F946}"
EndProject
Project("{FAE04EC0-301F-11D3-BF4B-00C04F79EFBC}") = "Application", "Application\Application.csproj", "{7743C868-09E6-4E99-A23D-33D628509A1E}"
EndProject
Global
	GlobalSection(SolutionConfigurationPlatforms) = preSolution
		Debug|Any CPU = Debug|Any CPU
		Release|Any CPU = Release|Any CPU
	EndGlobalSection
	GlobalSection(ProjectConfigurationPlatforms) = postSolution
		{D621B22E-3294-41B9-9F2E-38F102B250D9}.Debug|Any CPU.ActiveCfg = Debug|Any CPU
		{D621B22E-3294-41B9-9F2E-38F102B250D9}.Debug|Any CPU.Build.0 = Debug|Any CPU
		{D621B22E-3294-41B9-9F2E-38F102B250D9}.Release|Any CPU.ActiveCfg = Release|Any CPU
		{D621B22E-3294-41B9-9F2E-38F102B250D9}.Release|Any CPU.Build.0 = Release|Any CPU
		{3FFE0475-158D-456B-B19A-AF7280AEA865}.Debug|Any CPU.ActiveCfg = Debug|Any CPU
		{3FFE0475-158D-456B-B19A-AF7280AEA865}.Debug|Any CPU.Build.0 = Debug|Any CPU
		{3FFE0475-158D-456B-B19A-AF7280AEA865}.Release|Any CPU.ActiveCfg = Release|Any CPU
		{3FFE0475-158D-456B-B19A-AF7280AEA865}.Release|Any CPU.Build.0 = Release|Any CPU
		{3B5D4E96-9AA7-475C-96E0-F3200BEE79AB}.Debug|Any CPU.ActiveCfg = Debug|Any CPU
		{3B5D4E96-9AA7-475C-96E0-F3200BEE79AB}.Debug|Any CPU.Build.0 = Debug|Any CPU
		{3B5D4E96-9AA7-475C-96E0-F3200BEE79AB}.Release|Any CPU.ActiveCfg = Release|Any CPU
		{3B5D4E96-9AA7-475C-96E0-F3200BEE79AB}.Release|Any CPU.Build.0 = Release|Any CPU
		{7B71AAE1-B9F7-44A8-B511-BA3F3D7D41B3}.Debug|Any CPU.ActiveCfg = Debug|Any CPU
		{7B71AAE1-B9F7-44A8-B511-BA3F3D7D41B3}.Debug|Any CPU.Build.0 = Debug|Any CPU
		{7B71AAE1-B9F7-44A8-B511-BA3F3D7D41B3}.Release|Any CPU.ActiveCfg = Release|Any CPU
		{7B71AAE1-B9F7-44A8-B511-BA3F3D7D41B3}.Release|Any CPU.Build.0 = Release|Any CPU
		{A8AD74A8-BB9E-45F7-A815-3D39FF4127D2}.Debug|Any CPU.ActiveCfg = Debug|Any CPU
		{A8AD74A8-BB9E-45F7-A815-3D39FF4127D2}.Debug|Any CPU.Build.0 = Debug|Any CPU
		{A8AD74A8-BB9E-45F7-A815-3D39FF4127D2}.Release|Any CPU.ActiveCfg = Release|Any CPU
		{A8AD74A8-BB9E-45F7-A815-3D39FF4127D2}.Release|Any CPU.Build.0 = Release|Any CPU
		{A0DB9BD8-15CD-4311-892A-DE174C95F946}.Debug|Any CPU.ActiveCfg = Debug|Any CPU
		{A0DB9BD8-15CD-4311-892A-DE174C95F946}.Debug|Any CPU.Build.0 = Debug|Any CPU
		{A0DB9BD8-15CD-4311-892A-DE174C95F946}.Release|Any CPU.ActiveCfg = Release|Any CPU
		{A0DB9BD8-15CD-4311-892A-DE174C95F946}.Release|Any CPU.Build.0 = Release|Any CPU
		{7743C868-09E6-4E99-A23D-33D628509A1E}.Debug|Any CPU.ActiveCfg = Debug|Any CPU
		{7743C868-09E6-4E99-A23D-33D628509A1E}.Debug|Any CPU.Build.0 = Debug|Any CPU
		{7743C868-09E6-4E99-A23D-33D628509A1E}.Release|Any CPU.ActiveCfg = Release|Any CPU
		{7743C868-09E6-4E99-A23D-33D628509A1E}.Release|Any CPU.Build.0 = Release|Any CPU
	EndGlobalSection
	GlobalSection(SolutionProperties) = preSolution
		HideSolutionNode = FALSE
	EndGlobalSection
	GlobalSection(NestedProjects) = preSolution
		{D621B22E-3294-41B9-9F2E-38F102B250D9} = {DFDC6CD6-83A5-44E0-856B-89FC3CD95A04}
		{3FFE0475-158D-456B-B19A-AF7280AEA865} = {DFDC6CD6-83A5-44E0-856B-89FC3CD95A04}
		{3B5D4E96-9AA7-475C-96E0-F3200BEE79AB} = {252D0C73-69B0-485A-B628-2D619795152F}
		{7B71AAE1-B9F7-44A8-B511-BA3F3D7D41B3} = {AF1FE394-E04D-4EAA-80E8-8CA2CA2A1952}
		{A8AD74A8-BB9E-45F7-A815-3D39FF4127D2} = {93624E35-E515-4A63-A47C-CD70756822B1}
		{A0DB9BD8-15CD-4311-892A-DE174C95F946} = {02EA681E-C7D8-13C7-8484-4AC65E1B71E8}
		{7743C868-09E6-4E99-A23D-33D628509A1E} = {02EA681E-C7D8-13C7-8484-4AC65E1B71E8}
	EndGlobalSection
	GlobalSection(ExtensibilityGlobals) = postSolution
		SolutionGuid = {58F3600A-6FDA-40DE-8CB2-342EE0A3A428}
	EndGlobalSection
EndGlobal
